{
  "nodes": {
    "elmskell-blog": {
      "inputs": {
        "nixpkgs": "nixpkgs"
      },
      "locked": {
        "lastModified": 1749494299,
        "narHash": "sha256-I6/TSz5ciJTEZNFCyrCXWRYqBkNIh3fZy67UErIw3fk=",
        "ref": "refs/heads/master",
        "rev": "596af4a7318d60816ee995526d571643e21744b5",
        "revCount": 11,
        "type": "git",
        "url": "https://git.mtgmonkey.net/Andromeda/blog.git"
      },
      "original": {
        "type": "git",
        "url": "https://git.mtgmonkey.net/Andromeda/blog.git"
      }
    },
    "flake-utils": {
      "inputs": {
        "systems": "systems"
      },
      "locked": {
        "lastModified": 1731533236,
        "narHash": "sha256-l0KFg5HjrsfsO/JpG+r7fRrqm12kzFHyUHqHCVpMMbI=",
        "owner": "numtide",
        "repo": "flake-utils",
        "rev": "11707dc2f618dd54ca8739b309ec4fc024de578b",
        "type": "github"
      },
      "original": {
        "owner": "numtide",
        "repo": "flake-utils",
        "type": "github"
      }
    },
    "jank-client": {
      "inputs": {
        "nixpkgs": "nixpkgs_2"
      },
      "locked": {
        "lastModified": 1749606892,
        "narHash": "sha256-ZGUUWNORko3QFy9p/2mc4voJ65/11Joy6Au79+TwxPw=",
        "ref": "refs/heads/main",
        "rev": "0e59a339c813bcf1e9969344d8b50ed380231552",
        "revCount": 1179,
        "type": "git",
        "url": "https://git.mtgmonkey.net/Andromeda/jank-client-fork.git"
      },
      "original": {
        "type": "git",
        "url": "https://git.mtgmonkey.net/Andromeda/jank-client-fork.git"
      }
    },
    "math-project": {
      "inputs": {
        "nixpkgs": "nixpkgs_3"
      },
      "locked": {
        "lastModified": 1750258769,
        "narHash": "sha256-BazJgo04yFqFfp2AA0Tfba+nBAeaNddQJBdLghVJskk=",
        "ref": "refs/heads/master",
        "rev": "fa0e8ca47dd5341d24d8aae90a0bc28a689c3d46",
        "revCount": 6,
        "type": "git",
        "url": "https://git.mtgmonkey.net/Andromeda/math-project.git"
      },
      "original": {
        "type": "git",
        "url": "https://git.mtgmonkey.net/Andromeda/math-project.git"
      }
    },
    "nixpkgs": {
      "locked": {
        "lastModified": 1749143949,
        "narHash": "sha256-QuUtALJpVrPnPeozlUG/y+oIMSLdptHxb3GK6cpSVhA=",
        "owner": "NixOS",
        "repo": "nixpkgs",
        "rev": "d3d2d80a2191a73d1e86456a751b83aa13085d7d",
        "type": "github"
      },
      "original": {
        "id": "nixpkgs",
        "ref": "nixos-unstable",
        "type": "indirect"
      }
    },
    "nixpkgs_2": {
      "locked": {
        "lastModified": 1749285348,
        "narHash": "sha256-frdhQvPbmDYaScPFiCnfdh3B/Vh81Uuoo0w5TkWmmjU=",
        "owner": "NixOS",
        "repo": "nixpkgs",
        "rev": "3e3afe5174c561dee0df6f2c2b2236990146329f",
        "type": "github"
      },
      "original": {
        "id": "nixpkgs",
        "ref": "nixos-unstable",
        "type": "indirect"
      }
    },
    "nixpkgs_3": {
      "locked": {
        "lastModified": 1748889542,
        "narHash": "sha256-Hb4iMhIbjX45GcrgOp3b8xnyli+ysRPqAgZ/LZgyT5k=",
        "owner": "NixOS",
        "repo": "nixpkgs",
        "rev": "10d7f8d34e5eb9c0f9a0485186c1ca691d2c5922",
        "type": "github"
      },
      "original": {
        "id": "nixpkgs",
        "ref": "nixos-25.05",
        "type": "indirect"
      }
    },
    "nixpkgs_4": {
      "locked": {
        "lastModified": 1750259320,
        "narHash": "sha256-H8J4H2XCIMEJ5g6fZ179QfQvsc2dUqhqfBjC8RAHNRY=",
        "owner": "nixos",
        "repo": "nixpkgs",
        "rev": "9ba04bda9249d5d5e5238303c9755de5a49a79c5",
        "type": "github"
      },
      "original": {
        "owner": "nixos",
        "ref": "release-25.05",
        "repo": "nixpkgs",
        "type": "github"
      }
    },
    "nixpkgs_5": {
      "locked": {
        "lastModified": 1714253743,
        "narHash": "sha256-mdTQw2XlariysyScCv2tTE45QSU9v/ezLcHJ22f0Nxc=",
        "owner": "NixOS",
        "repo": "nixpkgs",
        "rev": "58a1abdbae3217ca6b702f03d3b35125d88a2994",
        "type": "github"
      },
      "original": {
        "owner": "NixOS",
        "ref": "nixos-unstable",
        "repo": "nixpkgs",
        "type": "github"
      }
    },
    "nixpkgs_6": {
      "locked": {
        "lastModified": 1746141548,
        "narHash": "sha256-IgBWhX7A2oJmZFIrpRuMnw5RAufVnfvOgHWgIdds+hc=",
        "owner": "NixOS",
        "repo": "nixpkgs",
        "rev": "f02fddb8acef29a8b32f10a335d44828d7825b78",
        "type": "github"
      },
      "original": {
        "owner": "NixOS",
        "ref": "nixos-unstable",
        "repo": "nixpkgs",
        "type": "github"
      }
    },
    "noshell": {
      "inputs": {
        "nixpkgs": "nixpkgs_5"
      },
      "locked": {
        "lastModified": 1717396029,
        "narHash": "sha256-NPIhvnTYkJZqTY+aabbZ6CAaMAgG6IISvh7GZo1MTfQ=",
        "owner": "viperML",
        "repo": "noshell",
        "rev": "4d194d838a50ea106cd0e47c024e47afc154ab42",
        "type": "github"
      },
      "original": {
        "owner": "viperML",
        "repo": "noshell",
        "type": "github"
      }
    },
    "root": {
      "inputs": {
        "elmskell-blog": "elmskell-blog",
        "jank-client": "jank-client",
        "math-project": "math-project",
        "nixpkgs": "nixpkgs_4",
        "noshell": "noshell",
        "spacebar-server": "spacebar-server"
      }
    },
    "spacebar-server": {
      "inputs": {
        "flake-utils": "flake-utils",
        "nixpkgs": "nixpkgs_6"
      },
      "locked": {
        "lastModified": 1748414795,
        "narHash": "sha256-nClmjajuaMVV02Rn7xqZWy5pwLmGw7/MF3RDGkYDuYQ=",
        "owner": "spacebarchat",
        "repo": "server",
        "rev": "f03c6209a42ae3e922bdb86954de04f1ae6daaa8",
        "type": "github"
      },
      "original": {
        "owner": "spacebarchat",
        "repo": "server",
        "type": "github"
      }
    },
    "systems": {
      "locked": {
        "lastModified": 1681028828,
        "narHash": "sha256-Vy1rq5AaRuLzOxct8nz4T6wlgyUR7zLU309k9mBC768=",
        "owner": "nix-systems",
        "repo": "default",
        "rev": "da67096a3b9bf56a91d16901293e51ba5b49a27e",
        "type": "github"
      },
      "original": {
        "owner": "nix-systems",
        "repo": "default",
        "type": "github"
      }
    }
  },
  "root": "root",
  "version": 7
}
