{
  "nodes": {
    "advisory-db": {
      "flake": false,
      "locked": {
        "lastModified": 1747937073,
        "narHash": "sha256-52H8P6jAHEwRvg7rXr4Z7h1KHZivO8T1Z9tN6R0SWJg=",
        "owner": "rustsec",
        "repo": "advisory-db",
        "rev": "bccf313a98c034573ac4170e6271749113343d97",
        "type": "github"
      },
      "original": {
        "owner": "rustsec",
        "repo": "advisory-db",
        "type": "github"
      }
    },
    "crane": {
      "locked": {
        "lastModified": 1748047550,
        "narHash": "sha256-t0qLLqb4C1rdtiY8IFRH5KIapTY/n3Lqt57AmxEv9mk=",
        "owner": "ipetkov",
        "repo": "crane",
        "rev": "b718a78696060df6280196a6f992d04c87a16aef",
        "type": "github"
      },
      "original": {
        "owner": "ipetkov",
        "repo": "crane",
        "type": "github"
      }
    },
    "elmskell-blog": {
      "inputs": {
        "nixpkgs": "nixpkgs"
      },
      "locked": {
        "lastModified": 1749494299,
        "narHash": "sha256-I6/TSz5ciJTEZNFCyrCXWRYqBkNIh3fZy67UErIw3fk=",
        "ref": "refs/heads/master",
        "rev": "596af4a7318d60816ee995526d571643e21744b5",
        "revCount": 11,
        "type": "git",
        "url": "file:///var/lib/git-server/blog.git"
      },
      "original": {
        "type": "git",
        "url": "file:///var/lib/git-server/blog.git"
      }
    },
    "flake-utils": {
      "inputs": {
        "systems": "systems_2"
      },
      "locked": {
        "lastModified": 1731533236,
        "narHash": "sha256-l0KFg5HjrsfsO/JpG+r7fRrqm12kzFHyUHqHCVpMMbI=",
        "owner": "numtide",
        "repo": "flake-utils",
        "rev": "11707dc2f618dd54ca8739b309ec4fc024de578b",
        "type": "github"
      },
      "original": {
        "owner": "numtide",
        "repo": "flake-utils",
        "type": "github"
      }
    },
    "helix": {
      "flake": false,
      "locked": {
        "lastModified": 1727654850,
        "narHash": "sha256-du6Vy5Yxy6aZFP7ad5guz5GOD/8uMY+Pgse1ZM+K2Jo=",
        "owner": "JordanForks",
        "repo": "helix",
        "rev": "1603715cc91bf6fdffb4aedfb5b76fb69fd10e28",
        "type": "github"
      },
      "original": {
        "owner": "JordanForks",
        "repo": "helix",
        "type": "github"
      }
    },
    "jank-client": {
      "inputs": {
        "nixpkgs": "nixpkgs_2"
      },
      "locked": {
        "lastModified": 1749606892,
        "narHash": "sha256-ZGUUWNORko3QFy9p/2mc4voJ65/11Joy6Au79+TwxPw=",
        "ref": "refs/heads/main",
        "rev": "0e59a339c813bcf1e9969344d8b50ed380231552",
        "revCount": 1179,
        "type": "git",
        "url": "file:///var/lib/git-server/jank-client-fork.git"
      },
      "original": {
        "type": "git",
        "url": "file:///var/lib/git-server/jank-client-fork.git"
      }
    },
    "math-project": {
      "inputs": {
        "nixpkgs": "nixpkgs_3"
      },
      "locked": {
        "lastModified": 1749728695,
        "narHash": "sha256-ZeWhAif+eh/ObPxceqQcuvtvxreXTNcHnhWEbPAuppM=",
        "ref": "refs/heads/master",
        "rev": "c35a0b510854103f466adca6b60f50822893daca",
        "revCount": 5,
        "type": "git",
        "url": "file:///var/lib/git-server/math-project.git"
      },
      "original": {
        "type": "git",
        "url": "file:///var/lib/git-server/math-project.git"
      }
    },
    "nix-github-actions": {
      "inputs": {
        "nixpkgs": [
          "rgit",
          "nixpkgs"
        ]
      },
      "locked": {
        "lastModified": 1737420293,
        "narHash": "sha256-F1G5ifvqTpJq7fdkT34e/Jy9VCyzd5XfJ9TO8fHhJWE=",
        "owner": "nix-community",
        "repo": "nix-github-actions",
        "rev": "f4158fa080ef4503c8f4c820967d946c2af31ec9",
        "type": "github"
      },
      "original": {
        "owner": "nix-community",
        "repo": "nix-github-actions",
        "type": "github"
      }
    },
    "nixpkgs": {
      "locked": {
        "lastModified": 1749143949,
        "narHash": "sha256-QuUtALJpVrPnPeozlUG/y+oIMSLdptHxb3GK6cpSVhA=",
        "owner": "NixOS",
        "repo": "nixpkgs",
        "rev": "d3d2d80a2191a73d1e86456a751b83aa13085d7d",
        "type": "github"
      },
      "original": {
        "id": "nixpkgs",
        "ref": "nixos-unstable",
        "type": "indirect"
      }
    },
    "nixpkgs_2": {
      "locked": {
        "lastModified": 1749285348,
        "narHash": "sha256-frdhQvPbmDYaScPFiCnfdh3B/Vh81Uuoo0w5TkWmmjU=",
        "owner": "NixOS",
        "repo": "nixpkgs",
        "rev": "3e3afe5174c561dee0df6f2c2b2236990146329f",
        "type": "github"
      },
      "original": {
        "id": "nixpkgs",
        "ref": "nixos-unstable",
        "type": "indirect"
      }
    },
    "nixpkgs_3": {
      "locked": {
        "lastModified": 1748889542,
        "narHash": "sha256-Hb4iMhIbjX45GcrgOp3b8xnyli+ysRPqAgZ/LZgyT5k=",
        "owner": "NixOS",
        "repo": "nixpkgs",
        "rev": "10d7f8d34e5eb9c0f9a0485186c1ca691d2c5922",
        "type": "github"
      },
      "original": {
        "id": "nixpkgs",
        "ref": "nixos-25.05",
        "type": "indirect"
      }
    },
    "nixpkgs_4": {
      "locked": {
        "lastModified": 1749794982,
        "narHash": "sha256-Kh9K4taXbVuaLC0IL+9HcfvxsSUx8dPB5s5weJcc9pc=",
        "owner": "NixOS",
        "repo": "nixpkgs",
        "rev": "ee930f9755f58096ac6e8ca94a1887e0534e2d81",
        "type": "github"
      },
      "original": {
        "id": "nixpkgs",
        "ref": "nixos-unstable",
        "type": "indirect"
      }
    },
    "nixpkgs_5": {
      "locked": {
        "lastModified": 1714253743,
        "narHash": "sha256-mdTQw2XlariysyScCv2tTE45QSU9v/ezLcHJ22f0Nxc=",
        "owner": "NixOS",
        "repo": "nixpkgs",
        "rev": "58a1abdbae3217ca6b702f03d3b35125d88a2994",
        "type": "github"
      },
      "original": {
        "owner": "NixOS",
        "ref": "nixos-unstable",
        "repo": "nixpkgs",
        "type": "github"
      }
    },
    "nixpkgs_6": {
      "locked": {
        "lastModified": 1748159586,
        "narHash": "sha256-xeCMAhKjhDjVFsfJcftv+CWcExYo+X8IBUW8L947ww4=",
        "owner": "NixOS",
        "repo": "nixpkgs",
        "rev": "7382d075365a977c4a9c8aa4c5e4abed15f00ee1",
        "type": "github"
      },
      "original": {
        "owner": "NixOS",
        "repo": "nixpkgs",
        "type": "github"
      }
    },
    "nixpkgs_7": {
      "locked": {
        "lastModified": 1745377448,
        "narHash": "sha256-jhZDfXVKdD7TSEGgzFJQvEEZ2K65UMiqW5YJ2aIqxMA=",
        "owner": "nixos",
        "repo": "nixpkgs",
        "rev": "507b63021ada5fee621b6ca371c4fca9ca46f52c",
        "type": "github"
      },
      "original": {
        "owner": "nixos",
        "ref": "nixpkgs-unstable",
        "repo": "nixpkgs",
        "type": "github"
      }
    },
    "nixpkgs_8": {
      "locked": {
        "lastModified": 1746141548,
        "narHash": "sha256-IgBWhX7A2oJmZFIrpRuMnw5RAufVnfvOgHWgIdds+hc=",
        "owner": "NixOS",
        "repo": "nixpkgs",
        "rev": "f02fddb8acef29a8b32f10a335d44828d7825b78",
        "type": "github"
      },
      "original": {
        "owner": "NixOS",
        "ref": "nixos-unstable",
        "repo": "nixpkgs",
        "type": "github"
      }
    },
    "noshell": {
      "inputs": {
        "nixpkgs": "nixpkgs_5"
      },
      "locked": {
        "lastModified": 1717396029,
        "narHash": "sha256-NPIhvnTYkJZqTY+aabbZ6CAaMAgG6IISvh7GZo1MTfQ=",
        "owner": "viperML",
        "repo": "noshell",
        "rev": "4d194d838a50ea106cd0e47c024e47afc154ab42",
        "type": "github"
      },
      "original": {
        "owner": "viperML",
        "repo": "noshell",
        "type": "github"
      }
    },
    "rgit": {
      "inputs": {
        "advisory-db": "advisory-db",
        "crane": "crane",
        "helix": "helix",
        "nix-github-actions": "nix-github-actions",
        "nixpkgs": "nixpkgs_6",
        "treefmt-nix": "treefmt-nix",
        "utils": "utils"
      },
      "locked": {
        "lastModified": 1748169485,
        "narHash": "sha256-JxPNDrvpqgpz6MQp6LKT3cbK4bl7/E9+eST1cEhl/jA=",
        "owner": "w4",
        "repo": "rgit",
        "rev": "9224aa1a006acb6af6da8cfbee82278612bd05d0",
        "type": "github"
      },
      "original": {
        "owner": "w4",
        "repo": "rgit",
        "type": "github"
      }
    },
    "root": {
      "inputs": {
        "elmskell-blog": "elmskell-blog",
        "jank-client": "jank-client",
        "math-project": "math-project",
        "nixpkgs": "nixpkgs_4",
        "noshell": "noshell",
        "rgit": "rgit",
        "spacebar-server": "spacebar-server"
      }
    },
    "spacebar-server": {
      "inputs": {
        "flake-utils": "flake-utils",
        "nixpkgs": "nixpkgs_8"
      },
      "locked": {
        "lastModified": 1748414795,
        "narHash": "sha256-nClmjajuaMVV02Rn7xqZWy5pwLmGw7/MF3RDGkYDuYQ=",
        "owner": "spacebarchat",
        "repo": "server",
        "rev": "f03c6209a42ae3e922bdb86954de04f1ae6daaa8",
        "type": "github"
      },
      "original": {
        "owner": "spacebarchat",
        "repo": "server",
        "type": "github"
      }
    },
    "systems": {
      "locked": {
        "lastModified": 1681028828,
        "narHash": "sha256-Vy1rq5AaRuLzOxct8nz4T6wlgyUR7zLU309k9mBC768=",
        "owner": "nix-systems",
        "repo": "default",
        "rev": "da67096a3b9bf56a91d16901293e51ba5b49a27e",
        "type": "github"
      },
      "original": {
        "owner": "nix-systems",
        "repo": "default",
        "type": "github"
      }
    },
    "systems_2": {
      "locked": {
        "lastModified": 1681028828,
        "narHash": "sha256-Vy1rq5AaRuLzOxct8nz4T6wlgyUR7zLU309k9mBC768=",
        "owner": "nix-systems",
        "repo": "default",
        "rev": "da67096a3b9bf56a91d16901293e51ba5b49a27e",
        "type": "github"
      },
      "original": {
        "owner": "nix-systems",
        "repo": "default",
        "type": "github"
      }
    },
    "treefmt-nix": {
      "inputs": {
        "nixpkgs": "nixpkgs_7"
      },
      "locked": {
        "lastModified": 1747912973,
        "narHash": "sha256-XgxghfND8TDypxsMTPU2GQdtBEsHTEc3qWE6RVEk8O0=",
        "owner": "numtide",
        "repo": "treefmt-nix",
        "rev": "020cb423808365fa3f10ff4cb8c0a25df35065a3",
        "type": "github"
      },
      "original": {
        "owner": "numtide",
        "repo": "treefmt-nix",
        "type": "github"
      }
    },
    "utils": {
      "inputs": {
        "systems": "systems"
      },
      "locked": {
        "lastModified": 1731533236,
        "narHash": "sha256-l0KFg5HjrsfsO/JpG+r7fRrqm12kzFHyUHqHCVpMMbI=",
        "owner": "numtide",
        "repo": "flake-utils",
        "rev": "11707dc2f618dd54ca8739b309ec4fc024de578b",
        "type": "github"
      },
      "original": {
        "owner": "numtide",
        "repo": "flake-utils",
        "type": "github"
      }
    }
  },
  "root": "root",
  "version": 7
}
